
Microsoft Visual Studio Solution File, Format Version 12.00
# Visual Studio Version 17
VisualStudioVersion = 17.11.35208.52
MinimumVisualStudioVersion = 10.0.40219.1
Project("{FAE04EC0-301F-11D3-BF4B-00C04F79EFBC}") = "USOPatch", "USOPatch.csproj", "{2C8BD553-6A05-427B-A840-74B7A733850B}"
EndProject
Global
	GlobalSection(SolutionConfigurationPlatforms) = preSolution
		Debug|Any CPU = Debug|Any CPU
		Release|Any CPU = Release|Any CPU
	EndGlobalSection
	GlobalSection(ProjectConfigurationPlatforms) = postSolution
		{2C8BD553-6A05-427B-A840-74B7A733850B}.Debug|Any CPU.ActiveCfg = Debug|Any CPU
		{2C8BD553-6A05-427B-A840-74B7A733850B}.Debug|Any CPU.Build.0 = Debug|Any CPU
		{2C8BD553-6A05-427B-A840-74B7A733850B}.Release|Any CPU.ActiveCfg = Release|Any CPU
		{2C8BD553-6A05-427B-A840-74B7A733850B}.Release|Any CPU.Build.0 = Release|Any CPU
	EndGlobalSection
	GlobalSection(SolutionProperties) = preSolution
		HideSolutionNode = FALSE
	EndGlobalSection
	GlobalSection(ExtensibilityGlobals) = postSolution
		SolutionGuid = {20B24954-1CC8-4064-991A-DC6B948842A9}
	EndGlobalSection
EndGlobal
